
Microsoft Visual Studio Solution File, Format Version 12.00
# Visual Studio Version 17
VisualStudioVersion = 17.14.37012.4 d17.14
MinimumVisualStudioVersion = 10.0.40219.1
Project("{FAE04EC0-301F-11D3-BF4B-00C04F79EFBC}") = "DAL", "DAL\DAL.csproj", "{A0441098-550F-420B-8CC0-AB034D24E18F}"
EndProject
Project("{FAE04EC0-301F-11D3-BF4B-00C04F79EFBC}") = "ENTITY", "ENTITY\ENTITY.csproj", "{5E1A759A-0BE0-4BEB-9999-3D4EC4713F18}"
EndProject
Project("{FAE04EC0-301F-11D3-BF4B-00C04F79EFBC}") = "BLL", "BLL\BLL.csproj", "{EE6523A1-F997-449D-BC08-19D0876A91ED}"
EndProject
Project("{FAE04EC0-301F-11D3-BF4B-00C04F79EFBC}") = "MAPPER", "MAPPER\MAPPER.csproj", "{2EA56426-BEAB-4AB2-BCB4-E5191BEEE45F}"
EndProject
Project("{FAE04EC0-301F-11D3-BF4B-00C04F79EFBC}") = "UI", "UI\UI.csproj", "{04FE56C8-FE99-4414-8ACF-B53A973DAB18}"
EndProject
Global
	GlobalSection(SolutionConfigurationPlatforms) = preSolution
		Debug|Any CPU = Debug|Any CPU
		Release|Any CPU = Release|Any CPU
	EndGlobalSection
	GlobalSection(ProjectConfigurationPlatforms) = postSolution
		{A0441098-550F-420B-8CC0-AB034D24E18F}.Debug|Any CPU.ActiveCfg = Debug|Any CPU
		{A0441098-550F-420B-8CC0-AB034D24E18F}.Debug|Any CPU.Build.0 = Debug|Any CPU
		{A0441098-550F-420B-8CC0-AB034D24E18F}.Release|Any CPU.ActiveCfg = Release|Any CPU
		{A0441098-550F-420B-8CC0-AB034D24E18F}.Release|Any CPU.Build.0 = Release|Any CPU
		{5E1A759A-0BE0-4BEB-9999-3D4EC4713F18}.Debug|Any CPU.ActiveCfg = Debug|Any CPU
		{5E1A759A-0BE0-4BEB-9999-3D4EC4713F18}.Debug|Any CPU.Build.0 = Debug|Any CPU
		{5E1A759A-0BE0-4BEB-9999-3D4EC4713F18}.Release|Any CPU.ActiveCfg = Release|Any CPU
		{5E1A759A-0BE0-4BEB-9999-3D4EC4713F18}.Release|Any CPU.Build.0 = Release|Any CPU
		{EE6523A1-F997-449D-BC08-19D0876A91ED}.Debug|Any CPU.ActiveCfg = Debug|Any CPU
		{EE6523A1-F997-449D-BC08-19D0876A91ED}.Debug|Any CPU.Build.0 = Debug|Any CPU
		{EE6523A1-F997-449D-BC08-19D0876A91ED}.Release|Any CPU.ActiveCfg = Release|Any CPU
		{EE6523A1-F997-449D-BC08-19D0876A91ED}.Release|Any CPU.Build.0 = Release|Any CPU
		{2EA56426-BEAB-4AB2-BCB4-E5191BEEE45F}.Debug|Any CPU.ActiveCfg = Debug|Any CPU
		{2EA56426-BEAB-4AB2-BCB4-E5191BEEE45F}.Debug|Any CPU.Build.0 = Debug|Any CPU
		{2EA56426-BEAB-4AB2-BCB4-E5191BEEE45F}.Release|Any CPU.ActiveCfg = Release|Any CPU
		{2EA56426-BEAB-4AB2-BCB4-E5191BEEE45F}.Release|Any CPU.Build.0 = Release|Any CPU
		{04FE56C8-FE99-4414-8ACF-B53A973DAB18}.Debug|Any CPU.ActiveCfg = Debug|Any CPU
		{04FE56C8-FE99-4414-8ACF-B53A973DAB18}.Debug|Any CPU.Build.0 = Debug|Any CPU
		{04FE56C8-FE99-4414-8ACF-B53A973DAB18}.Release|Any CPU.ActiveCfg = Release|Any CPU
		{04FE56C8-FE99-4414-8ACF-B53A973DAB18}.Release|Any CPU.Build.0 = Release|Any CPU
	EndGlobalSection
	GlobalSection(SolutionProperties) = preSolution
		HideSolutionNode = FALSE
	EndGlobalSection
	GlobalSection(ExtensibilityGlobals) = postSolution
		SolutionGuid = {70C47115-D74C-443E-AA0E-304037F9E99F}
	EndGlobalSection
EndGlobal
